{
  "version": 4,
  "terraform_version": "1.9.5",
  "serial": 17,
  "lineage": "30def4b4-e427-0045-4b99-cf9b50d8305c",
  "outputs": {},
  "resources": [
    {
      "mode": "managed",
      "type": "google_container_cluster",
      "name": "primary",
      "provider": "provider[\"registry.terraform.io/hashicorp/google\"]",
      "instances": [
        {
          "schema_version": 1,
          "attributes": {
            "addons_config": [
              {
                "cloudrun_config": [],
                "config_connector_config": [],
                "dns_cache_config": [],
                "gce_persistent_disk_csi_driver_config": [
                  {
                    "enabled": true
                  }
                ],
                "gcp_filestore_csi_driver_config": [],
                "gcs_fuse_csi_driver_config": [],
                "gke_backup_agent_config": [],
                "horizontal_pod_autoscaling": [],
                "http_load_balancing": [],
                "network_policy_config": [
                  {
                    "disabled": true
                  }
                ]
              }
            ],
            "allow_net_admin": null,
            "authenticator_groups_config": [],
            "binary_authorization": [
              {
                "enabled": false,
                "evaluation_mode": ""
              }
            ],
            "cluster_autoscaling": [
              {
                "auto_provisioning_defaults": [],
                "enabled": false,
                "resource_limits": []
              }
            ],
            "cluster_ipv4_cidr": "10.108.0.0/14",
            "confidential_nodes": [],
            "cost_management_config": [],
            "database_encryption": [
              {
                "key_name": "",
                "state": "DECRYPTED"
              }
            ],
            "datapath_provider": "",
            "default_max_pods_per_node": null,
            "default_snat_status": [
              {
                "disabled": false
              }
            ],
            "description": "",
            "dns_config": [],
            "enable_autopilot": false,
            "enable_binary_authorization": false,
            "enable_intranode_visibility": false,
            "enable_k8s_beta_apis": [],
            "enable_kubernetes_alpha": false,
            "enable_l4_ilb_subsetting": false,
            "enable_legacy_abac": false,
            "enable_shielded_nodes": true,
            "enable_tpu": false,
            "endpoint": "34.124.129.136",
            "gateway_api_config": [],
            "id": "projects/chatbot-openai-1906/locations/asia-southeast1-a/clusters/chatbot-openai-1906-gke",
            "initial_node_count": 2,
            "ip_allocation_policy": [],
            "label_fingerprint": "a9dc16a7",
            "location": "asia-southeast1-a",
            "logging_config": [
              {
                "enable_components": [
                  "SYSTEM_COMPONENTS",
                  "WORKLOADS"
                ]
              }
            ],
            "logging_service": "logging.googleapis.com/kubernetes",
            "maintenance_policy": [],
            "master_auth": [
              {
                "client_certificate": "",
                "client_certificate_config": [
                  {
                    "issue_client_certificate": false
                  }
                ],
                "client_key": "",
                "cluster_ca_certificate": "LS0tLS1CRUdJTiBDRVJUSUZJQ0FURS0tLS0tCk1JSUVMRENDQXBTZ0F3SUJBZ0lRWTZQVXYxWUVTVmlhV0J4cEw2dHBtREFOQmdrcWhraUc5dzBCQVFzRkFEQXYKTVMwd0t3WURWUVFERXlRM05XSTJZMkl6T0MwMk9Ua3dMVFF5WlRBdE9XRTFPUzB6TkdOaVlqRXlOVEV3WkdFdwpJQmNOTWpRd09USTRNVGt3TmpVNVdoZ1BNakExTkRBNU1qRXlNREEyTlRsYU1DOHhMVEFyQmdOVkJBTVRKRGMxCllqWmpZak00TFRZNU9UQXROREpsTUMwNVlUVTVMVE0wWTJKaU1USTFNVEJrWVRDQ0FhSXdEUVlKS29aSWh2Y04KQVFFQkJRQURnZ0dQQURDQ0FZb0NnZ0dCQUxpRFlkM2dzUkFlSkpDaDcweTR1NFU3OXREWC93K1dGQ3ZWOUJyQgpNWG9VVzRzZ2NZMzY2UHNIUUlpMGZSZUNQZUs2UTlMb0RFNlU3ZFJFR09tQUJaanZ1QmNFMkVjcVViRU4zNU1XCnFMa2FORDF1T2trekw1NFZEWnlOTE1lb1VEQkJ2dTBhWWJYL0RHSzRBZlc0Q2NBUlI2SmFCc1oreEpaKzNQMXIKYTF0Z3VXTENWZ1pRenNnaGU2OGJ5NzB6YXV4Yi9IdUFZS0ZjNkw5ZXdpRW1xL3dTQnRSSjBWV3pjWjAwNU9iZgovQnZ5MWtEYklxZzZnYjBmY0lQSU1EdFlwMUpod3JhNlNnZlBpR0xQYVhaMmR1clZJTDQ0YVFaR2s1ZTVvTFRSCkNaZkw3ZjlxcXlkeklsTzhRNnpBMWFyMFgxTHkzU1pYc1g1c2lSN0p4TURYMm9RNW4vYkduaXNCd0pMd25SQVcKakJkUXJWUzlEZlFGTWxxTmlsVFVoSkx4Z3VnSGpXcWFmd3pqR3lSWnBLa1hhTit0Z29rOE5MQTgvNkxkWUxiRwpDRXVtYy9YTDhhRVJGcE1wTWtlWG5vMHJ1akxza0xJaGQvUjhsRis2SWRCRDRrdzQza2JrZ00zemh2ZlQ5K3l3ClhmTXlLVDF4d1dnN3E4dC9GajdYN2x1dXN3SURBUUFCbzBJd1FEQU9CZ05WSFE4QkFmOEVCQU1DQWdRd0R3WUQKVlIwVEFRSC9CQVV3QXdFQi96QWRCZ05WSFE0RUZnUVVlenJ1cFVPNGpDVFk2VHFtRTg2OWVQWml5QUl3RFFZSgpLb1pJaHZjTkFRRUxCUUFEZ2dHQkFCRis3aUNYdjlTUGNham4wQVo4aFgzVjlmcWp5WG9sR3RyNTJyTW1DSzkvCkRsVGtXd29oMmt1UzExMzZjS0Vmc2pJVmJWeVlEaUFETGdnbzdtMnRiOGUrdHZvMHFKRlZNNDFXZnFUNlgwKy8KeGVaVDkybE9VTjlDa0JoeDFvMWg5TjdLaDM1VHBFZ0xIbEMyajJlaWhScFRpNUhZSmFEME1VYnJOTC9BS3AyMwpMV3gzSmFySWw1RExUZWhFQW5BbHFIczY0NUpqNEptcEtSbDlzY0tuQUFVejgxU2I1V1YvZ1JXSjJuRC85MzhuCnBnaDBxYWFCMk9yTlVRbkR0ZEJRdDYrZUlYOFFIQXlXNmpsT2VxT1ZxNFB6MHMvanYvYXhaVUF5UEd0Zm9Eb1gKOEpId240MXhQelBWK3RjTmNpRTJXcU51eWhOUU1kUWZETHlTTThTQjlaendEWXBFWTF3bHV6M3p3ZVE0cnFaRwp0WGdhbll2Q1JBOGRUYkIzMVJiVnAzbnpBZ0xZNVA1TnF0OXhreXY4U2pGeDJLdTBuR1E0My93UTNkN1ZyMk5hCk02dnpVRFNsZ1kxS3FLdS9RSlVWNUtpU3lPOHllYjhsbjdHWnFWaEtMNkEwNk00RldmYlR6SFRvSUttcTh3UUMKcHNvMFhFU3czaDN4VnpOYUg4ZS9Gdz09Ci0tLS0tRU5EIENFUlRJRklDQVRFLS0tLS0K"
              }
            ],
            "master_authorized_networks_config": [],
            "master_version": "1.30.3-gke.1969001",
            "mesh_certificates": [],
            "min_master_version": null,
            "monitoring_config": [
              {
                "advanced_datapath_observability_config": [
                  {
                    "enable_metrics": false,
                    "relay_mode": ""
                  }
                ],
                "enable_components": [
                  "SYSTEM_COMPONENTS",
                  "STORAGE",
                  "HPA",
                  "POD",
                  "DAEMONSET",
                  "DEPLOYMENT",
                  "STATEFULSET",
                  "KUBELET",
                  "CADVISOR"
                ],
                "managed_prometheus": [
                  {
                    "enabled": true
                  }
                ]
              }
            ],
            "monitoring_service": "monitoring.googleapis.com/kubernetes",
            "name": "chatbot-openai-1906-gke",
            "network": "projects/chatbot-openai-1906/global/networks/default",
            "network_policy": [
              {
                "enabled": false,
                "provider": "PROVIDER_UNSPECIFIED"
              }
            ],
            "networking_mode": "ROUTES",
            "node_config": [
              {
                "advanced_machine_features": [],
                "boot_disk_kms_key": "",
                "disk_size_gb": 30,
                "disk_type": "pd-balanced",
                "ephemeral_storage_local_ssd_config": [],
                "gcfs_config": [],
                "guest_accelerator": [],
                "gvnic": [],
                "host_maintenance_policy": [],
                "image_type": "COS_CONTAINERD",
                "kubelet_config": [],
                "labels": {},
                "linux_node_config": [],
                "local_nvme_ssd_block_config": [],
                "local_ssd_count": 0,
                "logging_variant": "DEFAULT",
                "machine_type": "e2-standard-2",
                "metadata": {
                  "disable-legacy-endpoints": "true"
                },
                "min_cpu_platform": "",
                "node_group": "",
                "oauth_scopes": [
                  "https://www.googleapis.com/auth/devstorage.read_only",
                  "https://www.googleapis.com/auth/logging.write",
                  "https://www.googleapis.com/auth/monitoring",
                  "https://www.googleapis.com/auth/service.management.readonly",
                  "https://www.googleapis.com/auth/servicecontrol",
                  "https://www.googleapis.com/auth/trace.append"
                ],
                "preemptible": false,
                "reservation_affinity": [],
                "resource_labels": null,
                "service_account": "default",
                "shielded_instance_config": [
                  {
                    "enable_integrity_monitoring": true,
                    "enable_secure_boot": false
                  }
                ],
                "sole_tenant_config": [],
                "spot": false,
                "tags": null,
                "taint": [],
                "workload_metadata_config": []
              }
            ],
            "node_locations": [],
            "node_pool": [
              {
                "autoscaling": [],
                "initial_node_count": 2,
                "instance_group_urls": [
                  "https://www.googleapis.com/compute/v1/projects/chatbot-openai-1906/zones/asia-southeast1-a/instanceGroupManagers/gke-chatbot-openai-1906--default-pool-4c76a02f-grp"
                ],
                "managed_instance_group_urls": [
                  "https://www.googleapis.com/compute/v1/projects/chatbot-openai-1906/zones/asia-southeast1-a/instanceGroups/gke-chatbot-openai-1906--default-pool-4c76a02f-grp"
                ],
                "management": [
                  {
                    "auto_repair": true,
                    "auto_upgrade": true
                  }
                ],
                "max_pods_per_node": 0,
                "name": "default-pool",
                "name_prefix": "",
                "network_config": [],
                "node_config": [
                  {
                    "advanced_machine_features": [],
                    "boot_disk_kms_key": "",
                    "disk_size_gb": 30,
                    "disk_type": "pd-balanced",
                    "ephemeral_storage_local_ssd_config": [],
                    "gcfs_config": [],
                    "guest_accelerator": [],
                    "gvnic": [],
                    "host_maintenance_policy": [],
                    "image_type": "COS_CONTAINERD",
                    "kubelet_config": [],
                    "labels": {},
                    "linux_node_config": [],
                    "local_nvme_ssd_block_config": [],
                    "local_ssd_count": 0,
                    "logging_variant": "DEFAULT",
                    "machine_type": "e2-standard-2",
                    "metadata": {
                      "disable-legacy-endpoints": "true"
                    },
                    "min_cpu_platform": "",
                    "node_group": "",
                    "oauth_scopes": [
                      "https://www.googleapis.com/auth/devstorage.read_only",
                      "https://www.googleapis.com/auth/logging.write",
                      "https://www.googleapis.com/auth/monitoring",
                      "https://www.googleapis.com/auth/service.management.readonly",
                      "https://www.googleapis.com/auth/servicecontrol",
                      "https://www.googleapis.com/auth/trace.append"
                    ],
                    "preemptible": false,
                    "reservation_affinity": [],
                    "resource_labels": {},
                    "service_account": "default",
                    "shielded_instance_config": [
                      {
                        "enable_integrity_monitoring": true,
                        "enable_secure_boot": false
                      }
                    ],
                    "sole_tenant_config": [],
                    "spot": false,
                    "tags": [],
                    "taint": [],
                    "workload_metadata_config": []
                  }
                ],
                "node_count": 2,
                "node_locations": [
                  "asia-southeast1-a"
                ],
                "placement_policy": [],
                "upgrade_settings": [
                  {
                    "blue_green_settings": [],
                    "max_surge": 1,
                    "max_unavailable": 0,
                    "strategy": "SURGE"
                  }
                ],
                "version": "1.30.3-gke.1969001"
              }
            ],
            "node_pool_defaults": [
              {
                "node_config_defaults": [
                  {
                    "logging_variant": "DEFAULT"
                  }
                ]
              }
            ],
            "node_version": "1.30.3-gke.1969001",
            "notification_config": [
              {
                "pubsub": [
                  {
                    "enabled": false,
                    "filter": [],
                    "topic": ""
                  }
                ]
              }
            ],
            "operation": null,
            "private_cluster_config": [
              {
                "enable_private_endpoint": false,
                "enable_private_nodes": false,
                "master_global_access_config": [
                  {
                    "enabled": false
                  }
                ],
                "master_ipv4_cidr_block": "",
                "peering_name": "",
                "private_endpoint": "10.148.0.17",
                "private_endpoint_subnetwork": "",
                "public_endpoint": "34.124.129.136"
              }
            ],
            "private_ipv6_google_access": "",
            "project": "chatbot-openai-1906",
            "release_channel": [
              {
                "channel": "REGULAR"
              }
            ],
            "remove_default_node_pool": null,
            "resource_labels": null,
            "resource_usage_export_config": [],
            "security_posture_config": [
              {
                "mode": "BASIC",
                "vulnerability_mode": "VULNERABILITY_MODE_UNSPECIFIED"
              }
            ],
            "self_link": "https://container.googleapis.com/v1/projects/chatbot-openai-1906/zones/asia-southeast1-a/clusters/chatbot-openai-1906-gke",
            "service_external_ips_config": [
              {
                "enabled": false
              }
            ],
            "services_ipv4_cidr": "10.111.240.0/20",
            "subnetwork": "projects/chatbot-openai-1906/regions/asia-southeast1/subnetworks/default",
            "timeouts": null,
            "tpu_ipv4_cidr_block": "",
            "vertical_pod_autoscaling": [],
            "workload_identity_config": []
          },
          "sensitive_attributes": [
            [
              {
                "type": "get_attr",
                "value": "master_auth"
              },
              {
                "type": "index",
                "value": {
                  "value": 0,
                  "type": "number"
                }
              },
              {
                "type": "get_attr",
                "value": "client_key"
              }
            ]
          ],
          "private": "eyJlMmJmYjczMC1lY2FhLTExZTYtOGY4OC0zNDM2M2JjN2M0YzAiOnsiY3JlYXRlIjoyNDAwMDAwMDAwMDAwLCJkZWxldGUiOjI0MDAwMDAwMDAwMDAsInJlYWQiOjI0MDAwMDAwMDAwMDAsInVwZGF0ZSI6MzYwMDAwMDAwMDAwMH0sInNjaGVtYV92ZXJzaW9uIjoiMSJ9"
        }
      ]
    }
  ],
  "check_results": null
}
